
Microsoft Visual Studio Solution File, Format Version 12.00
# Visual Studio Version 17
VisualStudioVersion = 17.9.34616.47
MinimumVisualStudioVersion = 10.0.40219.1
Project("{8BC9CEB8-8B4A-11D0-8D11-00A0C91BC942}") = "PRAK8PEMDAS", "PRAK8PEMDAS\PRAK8PEMDAS.vcxproj", "{FC5E8E72-65A4-4C50-8B62-F584F88BF3C4}"
EndProject
Project("{8BC9CEB8-8B4A-11D0-8D11-00A0C91BC942}") = "prak8#2", "prak8#2\prak8#2.vcxproj", "{53955836-B2BE-4FD1-A23F-29A469E8BF73}"
EndProject
Project("{8BC9CEB8-8B4A-11D0-8D11-00A0C91BC942}") = "prak8#3", "prak8#3\prak8#3.vcxproj", "{2152A485-76BC-4991-AFE6-D9B2BC9A1C03}"
EndProject
Global
	GlobalSection(SolutionConfigurationPlatforms) = preSolution
		Debug|x64 = Debug|x64
		Debug|x86 = Debug|x86
		Release|x64 = Release|x64
		Release|x86 = Release|x86
	EndGlobalSection
	GlobalSection(ProjectConfigurationPlatforms) = postSolution
		{FC5E8E72-65A4-4C50-8B62-F584F88BF3C4}.Debug|x64.ActiveCfg = Debug|x64
		{FC5E8E72-65A4-4C50-8B62-F584F88BF3C4}.Debug|x64.Build.0 = Debug|x64
		{FC5E8E72-65A4-4C50-8B62-F584F88BF3C4}.Debug|x86.ActiveCfg = Debug|Win32
		{FC5E8E72-65A4-4C50-8B62-F584F88BF3C4}.Debug|x86.Build.0 = Debug|Win32
		{FC5E8E72-65A4-4C50-8B62-F584F88BF3C4}.Release|x64.ActiveCfg = Release|x64
		{FC5E8E72-65A4-4C50-8B62-F584F88BF3C4}.Release|x64.Build.0 = Release|x64
		{FC5E8E72-65A4-4C50-8B62-F584F88BF3C4}.Release|x86.ActiveCfg = Release|Win32
		{FC5E8E72-65A4-4C50-8B62-F584F88BF3C4}.Release|x86.Build.0 = Release|Win32
		{53955836-B2BE-4FD1-A23F-29A469E8BF73}.Debug|x64.ActiveCfg = Debug|x64
		{53955836-B2BE-4FD1-A23F-29A469E8BF73}.Debug|x64.Build.0 = Debug|x64
		{53955836-B2BE-4FD1-A23F-29A469E8BF73}.Debug|x86.ActiveCfg = Debug|Win32
		{53955836-B2BE-4FD1-A23F-29A469E8BF73}.Debug|x86.Build.0 = Debug|Win32
		{53955836-B2BE-4FD1-A23F-29A469E8BF73}.Release|x64.ActiveCfg = Release|x64
		{53955836-B2BE-4FD1-A23F-29A469E8BF73}.Release|x64.Build.0 = Release|x64
		{53955836-B2BE-4FD1-A23F-29A469E8BF73}.Release|x86.ActiveCfg = Release|Win32
		{53955836-B2BE-4FD1-A23F-29A469E8BF73}.Release|x86.Build.0 = Release|Win32
		{2152A485-76BC-4991-AFE6-D9B2BC9A1C03}.Debug|x64.ActiveCfg = Debug|x64
		{2152A485-76BC-4991-AFE6-D9B2BC9A1C03}.Debug|x64.Build.0 = Debug|x64
		{2152A485-76BC-4991-AFE6-D9B2BC9A1C03}.Debug|x86.ActiveCfg = Debug|Win32
		{2152A485-76BC-4991-AFE6-D9B2BC9A1C03}.Debug|x86.Build.0 = Debug|Win32
		{2152A485-76BC-4991-AFE6-D9B2BC9A1C03}.Release|x64.ActiveCfg = Release|x64
		{2152A485-76BC-4991-AFE6-D9B2BC9A1C03}.Release|x64.Build.0 = Release|x64
		{2152A485-76BC-4991-AFE6-D9B2BC9A1C03}.Release|x86.ActiveCfg = Release|Win32
		{2152A485-76BC-4991-AFE6-D9B2BC9A1C03}.Release|x86.Build.0 = Release|Win32
	EndGlobalSection
	GlobalSection(SolutionProperties) = preSolution
		HideSolutionNode = FALSE
	EndGlobalSection
	GlobalSection(ExtensibilityGlobals) = postSolution
		SolutionGuid = {F14C4CD4-ACD0-4F2D-A8D0-057977C1DC7F}
	EndGlobalSection
EndGlobal
